
Microsoft Visual Studio Solution File, Format Version 12.00
# Visual Studio Version 17
VisualStudioVersion = 17.2.32630.192
MinimumVisualStudioVersion = 10.0.40219.1
Project("{FAE04EC0-301F-11D3-BF4B-00C04F79EFBC}") = "Day20-07", "Day20-07\Day20-07.csproj", "{396950FB-5307-469A-AD2B-084EF58E32CD}"
EndProject
Project("{FAE04EC0-301F-11D3-BF4B-00C04F79EFBC}") = "Employee base slip", "Employee base slip\Employee base slip.csproj", "{29C4A16F-7EF0-4CE2-8DBA-D9037E6A91D8}"
EndProject
Project("{FAE04EC0-301F-11D3-BF4B-00C04F79EFBC}") = "Diamond pattern printing", "Diamond pattern printing\Diamond pattern printing.csproj", "{83C0F31D-B2CC-4BA6-BA33-8F6830E7496D}"
EndProject
Project("{FAE04EC0-301F-11D3-BF4B-00C04F79EFBC}") = "entire hollow", "entire hollow\entire hollow.csproj", "{2B39C00C-5B34-456A-891E-27C9132EFD51}"
EndProject
Project("{FAE04EC0-301F-11D3-BF4B-00C04F79EFBC}") = "midspaced hollow", "midspaced hollow\midspaced hollow.csproj", "{EC705C4B-19A4-49CF-8C2D-915392F23B91}"
EndProject
Global
	GlobalSection(SolutionConfigurationPlatforms) = preSolution
		Debug|Any CPU = Debug|Any CPU
		Release|Any CPU = Release|Any CPU
	EndGlobalSection
	GlobalSection(ProjectConfigurationPlatforms) = postSolution
		{396950FB-5307-469A-AD2B-084EF58E32CD}.Debug|Any CPU.ActiveCfg = Debug|Any CPU
		{396950FB-5307-469A-AD2B-084EF58E32CD}.Debug|Any CPU.Build.0 = Debug|Any CPU
		{396950FB-5307-469A-AD2B-084EF58E32CD}.Release|Any CPU.ActiveCfg = Release|Any CPU
		{396950FB-5307-469A-AD2B-084EF58E32CD}.Release|Any CPU.Build.0 = Release|Any CPU
		{29C4A16F-7EF0-4CE2-8DBA-D9037E6A91D8}.Debug|Any CPU.ActiveCfg = Debug|Any CPU
		{29C4A16F-7EF0-4CE2-8DBA-D9037E6A91D8}.Debug|Any CPU.Build.0 = Debug|Any CPU
		{29C4A16F-7EF0-4CE2-8DBA-D9037E6A91D8}.Release|Any CPU.ActiveCfg = Release|Any CPU
		{29C4A16F-7EF0-4CE2-8DBA-D9037E6A91D8}.Release|Any CPU.Build.0 = Release|Any CPU
		{83C0F31D-B2CC-4BA6-BA33-8F6830E7496D}.Debug|Any CPU.ActiveCfg = Debug|Any CPU
		{83C0F31D-B2CC-4BA6-BA33-8F6830E7496D}.Debug|Any CPU.Build.0 = Debug|Any CPU
		{83C0F31D-B2CC-4BA6-BA33-8F6830E7496D}.Release|Any CPU.ActiveCfg = Release|Any CPU
		{83C0F31D-B2CC-4BA6-BA33-8F6830E7496D}.Release|Any CPU.Build.0 = Release|Any CPU
		{2B39C00C-5B34-456A-891E-27C9132EFD51}.Debug|Any CPU.ActiveCfg = Debug|Any CPU
		{2B39C00C-5B34-456A-891E-27C9132EFD51}.Debug|Any CPU.Build.0 = Debug|Any CPU
		{2B39C00C-5B34-456A-891E-27C9132EFD51}.Release|Any CPU.ActiveCfg = Release|Any CPU
		{2B39C00C-5B34-456A-891E-27C9132EFD51}.Release|Any CPU.Build.0 = Release|Any CPU
		{EC705C4B-19A4-49CF-8C2D-915392F23B91}.Debug|Any CPU.ActiveCfg = Debug|Any CPU
		{EC705C4B-19A4-49CF-8C2D-915392F23B91}.Debug|Any CPU.Build.0 = Debug|Any CPU
		{EC705C4B-19A4-49CF-8C2D-915392F23B91}.Release|Any CPU.ActiveCfg = Release|Any CPU
		{EC705C4B-19A4-49CF-8C2D-915392F23B91}.Release|Any CPU.Build.0 = Release|Any CPU
	EndGlobalSection
	GlobalSection(SolutionProperties) = preSolution
		HideSolutionNode = FALSE
	EndGlobalSection
	GlobalSection(ExtensibilityGlobals) = postSolution
		SolutionGuid = {CA762D6D-078A-4218-9464-A62C1A28A618}
	EndGlobalSection
EndGlobal
