
Microsoft Visual Studio Solution File, Format Version 12.00
# Visual Studio Version 17
VisualStudioVersion = 17.2.32630.192
MinimumVisualStudioVersion = 10.0.40219.1
Project("{FAE04EC0-301F-11D3-BF4B-00C04F79EFBC}") = "Factoriallib", "Factoriallib\Factoriallib.csproj", "{6280ED45-AEBF-4023-AB7A-E2589CDFD744}"
EndProject
Project("{F184B08F-C81C-45F6-A57F-5ABD9991F28F}") = "FactorialMainApp1", "FactorialMainApp1\FactorialMainApp1.vbproj", "{A5A6EE54-A46A-4FA0-BB04-C4C642614EA5}"
EndProject
Global
	GlobalSection(SolutionConfigurationPlatforms) = preSolution
		Debug|Any CPU = Debug|Any CPU
		Release|Any CPU = Release|Any CPU
	EndGlobalSection
	GlobalSection(ProjectConfigurationPlatforms) = postSolution
		{6280ED45-AEBF-4023-AB7A-E2589CDFD744}.Debug|Any CPU.ActiveCfg = Debug|Any CPU
		{6280ED45-AEBF-4023-AB7A-E2589CDFD744}.Debug|Any CPU.Build.0 = Debug|Any CPU
		{6280ED45-AEBF-4023-AB7A-E2589CDFD744}.Release|Any CPU.ActiveCfg = Release|Any CPU
		{6280ED45-AEBF-4023-AB7A-E2589CDFD744}.Release|Any CPU.Build.0 = Release|Any CPU
		{A5A6EE54-A46A-4FA0-BB04-C4C642614EA5}.Debug|Any CPU.ActiveCfg = Debug|Any CPU
		{A5A6EE54-A46A-4FA0-BB04-C4C642614EA5}.Debug|Any CPU.Build.0 = Debug|Any CPU
		{A5A6EE54-A46A-4FA0-BB04-C4C642614EA5}.Release|Any CPU.ActiveCfg = Release|Any CPU
		{A5A6EE54-A46A-4FA0-BB04-C4C642614EA5}.Release|Any CPU.Build.0 = Release|Any CPU
	EndGlobalSection
	GlobalSection(SolutionProperties) = preSolution
		HideSolutionNode = FALSE
	EndGlobalSection
	GlobalSection(ExtensibilityGlobals) = postSolution
		SolutionGuid = {0D0214C1-696D-4AEE-9614-8EB5801D4375}
	EndGlobalSection
EndGlobal
