
Microsoft Visual Studio Solution File, Format Version 12.00
# Visual Studio Version 17
VisualStudioVersion = 17.2.32630.192
MinimumVisualStudioVersion = 10.0.40219.1
Project("{FAE04EC0-301F-11D3-BF4B-00C04F79EFBC}") = "Day18-07", "Day18-07\Day18-07.csproj", "{631D7DCD-0D99-4614-AA3F-2564F947A13B}"
EndProject
Project("{FAE04EC0-301F-11D3-BF4B-00C04F79EFBC}") = "fibonaccifor", "fibonaccifor\fibonaccifor.csproj", "{6A287545-8769-4B47-B3E2-6A9524A46603}"
EndProject
Project("{FAE04EC0-301F-11D3-BF4B-00C04F79EFBC}") = "enter row of diff num", "enter row of diff num\enter row of diff num.csproj", "{5A2A99AA-73B0-482D-A562-17C97F730459}"
EndProject
Project("{FAE04EC0-301F-11D3-BF4B-00C04F79EFBC}") = "prime using for", "prime using for\prime using for.csproj", "{DE3F297F-1F40-49F5-8E04-5CD586362C13}"
EndProject
Project("{FAE04EC0-301F-11D3-BF4B-00C04F79EFBC}") = "Largest of three salaries", "Largest of three number\Largest of three salaries.csproj", "{9BE13C28-F944-41BE-BA91-D0E059D0FDB5}"
EndProject
Project("{FAE04EC0-301F-11D3-BF4B-00C04F79EFBC}") = "age respective work calculation", "age respective work calculation\age respective work calculation.csproj", "{B59E129B-D67B-46E4-9AE1-A50466C618FA}"
EndProject
Global
	GlobalSection(SolutionConfigurationPlatforms) = preSolution
		Debug|Any CPU = Debug|Any CPU
		Release|Any CPU = Release|Any CPU
	EndGlobalSection
	GlobalSection(ProjectConfigurationPlatforms) = postSolution
		{631D7DCD-0D99-4614-AA3F-2564F947A13B}.Debug|Any CPU.ActiveCfg = Debug|Any CPU
		{631D7DCD-0D99-4614-AA3F-2564F947A13B}.Debug|Any CPU.Build.0 = Debug|Any CPU
		{631D7DCD-0D99-4614-AA3F-2564F947A13B}.Release|Any CPU.ActiveCfg = Release|Any CPU
		{631D7DCD-0D99-4614-AA3F-2564F947A13B}.Release|Any CPU.Build.0 = Release|Any CPU
		{6A287545-8769-4B47-B3E2-6A9524A46603}.Debug|Any CPU.ActiveCfg = Debug|Any CPU
		{6A287545-8769-4B47-B3E2-6A9524A46603}.Debug|Any CPU.Build.0 = Debug|Any CPU
		{6A287545-8769-4B47-B3E2-6A9524A46603}.Release|Any CPU.ActiveCfg = Release|Any CPU
		{6A287545-8769-4B47-B3E2-6A9524A46603}.Release|Any CPU.Build.0 = Release|Any CPU
		{5A2A99AA-73B0-482D-A562-17C97F730459}.Debug|Any CPU.ActiveCfg = Debug|Any CPU
		{5A2A99AA-73B0-482D-A562-17C97F730459}.Debug|Any CPU.Build.0 = Debug|Any CPU
		{5A2A99AA-73B0-482D-A562-17C97F730459}.Release|Any CPU.ActiveCfg = Release|Any CPU
		{5A2A99AA-73B0-482D-A562-17C97F730459}.Release|Any CPU.Build.0 = Release|Any CPU
		{DE3F297F-1F40-49F5-8E04-5CD586362C13}.Debug|Any CPU.ActiveCfg = Debug|Any CPU
		{DE3F297F-1F40-49F5-8E04-5CD586362C13}.Debug|Any CPU.Build.0 = Debug|Any CPU
		{DE3F297F-1F40-49F5-8E04-5CD586362C13}.Release|Any CPU.ActiveCfg = Release|Any CPU
		{DE3F297F-1F40-49F5-8E04-5CD586362C13}.Release|Any CPU.Build.0 = Release|Any CPU
		{9BE13C28-F944-41BE-BA91-D0E059D0FDB5}.Debug|Any CPU.ActiveCfg = Debug|Any CPU
		{9BE13C28-F944-41BE-BA91-D0E059D0FDB5}.Debug|Any CPU.Build.0 = Debug|Any CPU
		{9BE13C28-F944-41BE-BA91-D0E059D0FDB5}.Release|Any CPU.ActiveCfg = Release|Any CPU
		{9BE13C28-F944-41BE-BA91-D0E059D0FDB5}.Release|Any CPU.Build.0 = Release|Any CPU
		{B59E129B-D67B-46E4-9AE1-A50466C618FA}.Debug|Any CPU.ActiveCfg = Debug|Any CPU
		{B59E129B-D67B-46E4-9AE1-A50466C618FA}.Debug|Any CPU.Build.0 = Debug|Any CPU
		{B59E129B-D67B-46E4-9AE1-A50466C618FA}.Release|Any CPU.ActiveCfg = Release|Any CPU
		{B59E129B-D67B-46E4-9AE1-A50466C618FA}.Release|Any CPU.Build.0 = Release|Any CPU
	EndGlobalSection
	GlobalSection(SolutionProperties) = preSolution
		HideSolutionNode = FALSE
	EndGlobalSection
	GlobalSection(ExtensibilityGlobals) = postSolution
		SolutionGuid = {05E4D036-324C-46D6-9615-9AE5486AEB0E}
	EndGlobalSection
EndGlobal
