
Microsoft Visual Studio Solution File, Format Version 12.00
# Visual Studio Version 17
VisualStudioVersion = 17.2.32630.192
MinimumVisualStudioVersion = 10.0.40219.1
Project("{FAE04EC0-301F-11D3-BF4B-00C04F79EFBC}") = "ObjectsLearningApp", "ObjectsLearningApp.csproj", "{A0BAD096-CE39-4726-8CC2-CA670BFD93E3}"
EndProject
Project("{FAE04EC0-301F-11D3-BF4B-00C04F79EFBC}") = "BankApp", "..\BankApp\BankApp.csproj", "{3B4F086E-1585-4653-B4F0-BDA90E53B7F6}"
EndProject
Project("{FAE04EC0-301F-11D3-BF4B-00C04F79EFBC}") = "StudentMarkProcessing", "..\StudentMarkProcessing\StudentMarkProcessing.csproj", "{5AF07A95-94D0-4B18-AF61-03973D2CBA44}"
EndProject
Global
	GlobalSection(SolutionConfigurationPlatforms) = preSolution
		Debug|Any CPU = Debug|Any CPU
		Release|Any CPU = Release|Any CPU
	EndGlobalSection
	GlobalSection(ProjectConfigurationPlatforms) = postSolution
		{A0BAD096-CE39-4726-8CC2-CA670BFD93E3}.Debug|Any CPU.ActiveCfg = Debug|Any CPU
		{A0BAD096-CE39-4726-8CC2-CA670BFD93E3}.Debug|Any CPU.Build.0 = Debug|Any CPU
		{A0BAD096-CE39-4726-8CC2-CA670BFD93E3}.Release|Any CPU.ActiveCfg = Release|Any CPU
		{A0BAD096-CE39-4726-8CC2-CA670BFD93E3}.Release|Any CPU.Build.0 = Release|Any CPU
		{3B4F086E-1585-4653-B4F0-BDA90E53B7F6}.Debug|Any CPU.ActiveCfg = Debug|Any CPU
		{3B4F086E-1585-4653-B4F0-BDA90E53B7F6}.Debug|Any CPU.Build.0 = Debug|Any CPU
		{3B4F086E-1585-4653-B4F0-BDA90E53B7F6}.Release|Any CPU.ActiveCfg = Release|Any CPU
		{3B4F086E-1585-4653-B4F0-BDA90E53B7F6}.Release|Any CPU.Build.0 = Release|Any CPU
		{5AF07A95-94D0-4B18-AF61-03973D2CBA44}.Debug|Any CPU.ActiveCfg = Debug|Any CPU
		{5AF07A95-94D0-4B18-AF61-03973D2CBA44}.Debug|Any CPU.Build.0 = Debug|Any CPU
		{5AF07A95-94D0-4B18-AF61-03973D2CBA44}.Release|Any CPU.ActiveCfg = Release|Any CPU
		{5AF07A95-94D0-4B18-AF61-03973D2CBA44}.Release|Any CPU.Build.0 = Release|Any CPU
	EndGlobalSection
	GlobalSection(SolutionProperties) = preSolution
		HideSolutionNode = FALSE
	EndGlobalSection
	GlobalSection(ExtensibilityGlobals) = postSolution
		SolutionGuid = {10588336-B875-4EE0-8007-4425758B71CD}
	EndGlobalSection
EndGlobal
